// !$*UTF8*$!
{
	archiveVersion = 1;
	classes = {
	};
	objectVersion = 46;
	objects = {

/* Begin PBXBuildFile section */
		2651BD81207E6B5B003F375F /* AppDelegate.swift in Sources */ = {isa = PBXBuildFile; fileRef = 2651BD80207E6B5B003F375F /* AppDelegate.swift */; };
		2651BD83207E6B5B003F375F /* ViewController.swift in Sources */ = {isa = PBXBuildFile; fileRef = 2651BD82207E6B5B003F375F /* ViewController.swift */; };
		2651BD86207E6B5C003F375F /* Main.storyboard in Resources */ = {isa = PBXBuildFile; fileRef = 2651BD84207E6B5C003F375F /* Main.storyboard */; };
		2651BD88207E6B5D003F375F /* Assets.xcassets in Resources */ = {isa = PBXBuildFile; fileRef = 2651BD87207E6B5D003F375F /* Assets.xcassets */; };
		2651BD8B207E6B5D003F375F /* LaunchScreen.storyboard in Resources */ = {isa = PBXBuildFile; fileRef = 2651BD89207E6B5D003F375F /* LaunchScreen.storyboard */; };
		2651BD96207E6B63003F375F /* PassValueToCustomClassTests.swift in Sources */ = {isa = PBXBuildFile; fileRef = 2651BD95207E6B63003F375F /* PassValueToCustomClassTests.swift */; };
		2651BDA1207E6B63003F375F /* PassValueToCustomClassUITests.swift in Sources */ = {isa = PBXBuildFile; fileRef = 2651BDA0207E6B63003F375F /* PassValueToCustomClassUITests.swift */; };
		2651BDAF207E6D22003F375F /* CustomClass.swift in Sources */ = {isa = PBXBuildFile; fileRef = 2651BDAE207E6D22003F375F /* CustomClass.swift */; };
		2651BDB1207E72B0003F375F /* NewView.swift in Sources */ = {isa = PBXBuildFile; fileRef = 2651BDB0207E72B0003F375F /* NewView.swift */; };
/* End PBXBuildFile section */

/* Begin PBXContainerItemProxy section */
		2651BD92207E6B63003F375F /* PBXContainerItemProxy */ = {
			isa = PBXContainerItemProxy;
			containerPortal = 2651BD75207E6B56003F375F /* Project object */;
			proxyType = 1;
			remoteGlobalIDString = 2651BD7C207E6B57003F375F;
			remoteInfo = PassValueToCustomClass;
		};
		2651BD9D207E6B63003F375F /* PBXContainerItemProxy */ = {
			isa = PBXContainerItemProxy;
			containerPortal = 2651BD75207E6B56003F375F /* Project object */;
			proxyType = 1;
			remoteGlobalIDString = 2651BD7C207E6B57003F375F;
			remoteInfo = PassValueToCustomClass;
		};
/* End PBXContainerItemProxy section */

/* Begin PBXFileReference section */
		2651BD7D207E6B5A003F375F /* PassValueToCustomClass.app */ = {isa = PBXFileReference; explicitFileType = wrapper.application; includeInIndex = 0; path = PassValueToCustomClass.app; sourceTree = BUILT_PRODUCTS_DIR; };
		2651BD80207E6B5B003F375F /* AppDelegate.swift */ = {isa = PBXFileReference; lastKnownFileType = sourcecode.swift; path = AppDelegate.swift; sourceTree = "<group>"; };
		2651BD82207E6B5B003F375F /* ViewController.swift */ = {isa = PBXFileReference; lastKnownFileType = sourcecode.swift; path = ViewController.swift; sourceTree = "<group>"; };
		2651BD85207E6B5C003F375F /* Base */ = {isa = PBXFileReference; lastKnownFileType = file.storyboard; name = Base; path = Base.lproj/Main.storyboard; sourceTree = "<group>"; };
		2651BD87207E6B5D003F375F /* Assets.xcassets */ = {isa = PBXFileReference; lastKnownFileType = folder.assetcatalog; path = Assets.xcassets; sourceTree = "<group>"; };
		2651BD8A207E6B5D003F375F /* Base */ = {isa = PBXFileReference; lastKnownFileType = file.storyboard; name = Base; path = Base.lproj/LaunchScreen.storyboard; sourceTree = "<group>"; };
		2651BD8C207E6B5D003F375F /* Info.plist */ = {isa = PBXFileReference; lastKnownFileType = text.plist.xml; path = Info.plist; sourceTree = "<group>"; };
		2651BD91207E6B62003F375F /* PassValueToCustomClassTests.xctest */ = {isa = PBXFileReference; explicitFileType = wrapper.cfbundle; includeInIndex = 0; path = PassValueToCustomClassTests.xctest; sourceTree = BUILT_PRODUCTS_DIR; };
		2651BD95207E6B63003F375F /* PassValueToCustomClassTests.swift */ = {isa = PBXFileReference; lastKnownFileType = sourcecode.swift; path = PassValueToCustomClassTests.swift; sourceTree = "<group>"; };
		2651BD97207E6B63003F375F /* Info.plist */ = {isa = PBXFileReference; lastKnownFileType = text.plist.xml; path = Info.plist; sourceTree = "<group>"; };
		2651BD9C207E6B63003F375F /* PassValueToCustomClassUITests.xctest */ = {isa = PBXFileReference; explicitFileType = wrapper.cfbundle; includeInIndex = 0; path = PassValueToCustomClassUITests.xctest; sourceTree = BUILT_PRODUCTS_DIR; };
		2651BDA0207E6B63003F375F /* PassValueToCustomClassUITests.swift */ = {isa = PBXFileReference; lastKnownFileType = sourcecode.swift; path = PassValueToCustomClassUITests.swift; sourceTree = "<group>"; };
		2651BDA2207E6B63003F375F /* Info.plist */ = {isa = PBXFileReference; lastKnownFileType = text.plist.xml; path = Info.plist; sourceTree = "<group>"; };
		2651BDAE207E6D22003F375F /* CustomClass.swift */ = {isa = PBXFileReference; fileEncoding = 4; lastKnownFileType = sourcecode.swift; path = CustomClass.swift; sourceTree = "<group>"; };
		2651BDB0207E72B0003F375F /* NewView.swift */ = {isa = PBXFileReference; fileEncoding = 4; lastKnownFileType = sourcecode.swift; path = NewView.swift; sourceTree = "<group>"; };
/* End PBXFileReference section */

/* Begin PBXFrameworksBuildPhase section */
		2651BD7A207E6B57003F375F /* Frameworks */ = {
			isa = PBXFrameworksBuildPhase;
			buildActionMask = 2147483647;
			files = (
			);
			runOnlyForDeploymentPostprocessing = 0;
		};
		2651BD8E207E6B62003F375F /* Frameworks */ = {
			isa = PBXFrameworksBuildPhase;
			buildActionMask = 2147483647;
			files = (
			);
			runOnlyForDeploymentPostprocessing = 0;
		};
		2651BD99207E6B63003F375F /* Frameworks */ = {
			isa = PBXFrameworksBuildPhase;
			buildActionMask = 2147483647;
			files = (
			);
			runOnlyForDeploymentPostprocessing = 0;
		};
/* End PBXFrameworksBuildPhase section */

/* Begin PBXGroup section */
		2651BD74207E6B56003F375F = {
			isa = PBXGroup;
			children = (
				2651BD7F207E6B5A003F375F /* PassValueToCustomClass */,
				2651BD94207E6B63003F375F /* PassValueToCustomClassTests */,
				2651BD9F207E6B63003F375F /* PassValueToCustomClassUITests */,
				2651BD7E207E6B5A003F375F /* Products */,
			);
			sourceTree = "<group>";
		};
		2651BD7E207E6B5A003F375F /* Products */ = {
			isa = PBXGroup;
			children = (
				2651BD7D207E6B5A003F375F /* PassValueToCustomClass.app */,
				2651BD91207E6B62003F375F /* PassValueToCustomClassTests.xctest */,
				2651BD9C207E6B63003F375F /* PassValueToCustomClassUITests.xctest */,
			);
			name = Products;
			sourceTree = "<group>";
		};
		2651BD7F207E6B5A003F375F /* PassValueToCustomClass */ = {
			isa = PBXGroup;
			children = (
				2651BD80207E6B5B003F375F /* AppDelegate.swift */,
				2651BD82207E6B5B003F375F /* ViewController.swift */,
				2651BD84207E6B5C003F375F /* Main.storyboard */,
				2651BD87207E6B5D003F375F /* Assets.xcassets */,
				2651BD89207E6B5D003F375F /* LaunchScreen.storyboard */,
				2651BD8C207E6B5D003F375F /* Info.plist */,
				2651BDAE207E6D22003F375F /* CustomClass.swift */,
				2651BDB0207E72B0003F375F /* NewView.swift */,
			);
			path = PassValueToCustomClass;
			sourceTree = "<group>";
		};
		2651BD94207E6B63003F375F /* PassValueToCustomClassTests */ = {
			isa = PBXGroup;
			children = (
				2651BD95207E6B63003F375F /* PassValueToCustomClassTests.swift */,
				2651BD97207E6B63003F375F /* Info.plist */,
			);
			path = PassValueToCustomClassTests;
			sourceTree = "<group>";
		};
		2651BD9F207E6B63003F375F /* PassValueToCustomClassUITests */ = {
			isa = PBXGroup;
			children = (
				2651BDA0207E6B63003F375F /* PassValueToCustomClassUITests.swift */,
				2651BDA2207E6B63003F375F /* Info.plist */,
			);
			path = PassValueToCustomClassUITests;
			sourceTree = "<group>";
		};
/* End PBXGroup section */

/* Begin PBXNativeTarget section */
		2651BD7C207E6B57003F375F /* PassValueToCustomClass */ = {
			isa = PBXNativeTarget;
			buildConfigurationList = 2651BDA5207E6B63003F375F /* Build configuration list for PBXNativeTarget "PassValueToCustomClass" */;
			buildPhases = (
				2651BD79207E6B57003F375F /* Sources */,
				2651BD7A207E6B57003F375F /* Frameworks */,
				2651BD7B207E6B57003F375F /* Resources */,
			);
			buildRules = (
			);
			dependencies = (
			);
			name = PassValueToCustomClass;
			productName = PassValueToCustomClass;
			productReference = 2651BD7D207E6B5A003F375F /* PassValueToCustomClass.app */;
			productType = "com.apple.product-type.application";
		};
		2651BD90207E6B62003F375F /* PassValueToCustomClassTests */ = {
			isa = PBXNativeTarget;
			buildConfigurationList = 2651BDA8207E6B63003F375F /* Build configuration list for PBXNativeTarget "PassValueToCustomClassTests" */;
			buildPhases = (
				2651BD8D207E6B62003F375F /* Sources */,
				2651BD8E207E6B62003F375F /* Frameworks */,
				2651BD8F207E6B62003F375F /* Resources */,
			);
			buildRules = (
			);
			dependencies = (
				2651BD93207E6B63003F375F /* PBXTargetDependency */,
			);
			name = PassValueToCustomClassTests;
			productName = PassValueToCustomClassTests;
			productReference = 2651BD91207E6B62003F375F /* PassValueToCustomClassTests.xctest */;
			productType = "com.apple.product-type.bundle.unit-test";
		};
		2651BD9B207E6B63003F375F /* PassValueToCustomClassUITests */ = {
			isa = PBXNativeTarget;
			buildConfigurationList = 2651BDAB207E6B63003F375F /* Build configuration list for PBXNativeTarget "PassValueToCustomClassUITests" */;
			buildPhases = (
				2651BD98207E6B63003F375F /* Sources */,
				2651BD99207E6B63003F375F /* Frameworks */,
				2651BD9A207E6B63003F375F /* Resources */,
			);
			buildRules = (
			);
			dependencies = (
				2651BD9E207E6B63003F375F /* PBXTargetDependency */,
			);
			name = PassValueToCustomClassUITests;
			productName = PassValueToCustomClassUITests;
			productReference = 2651BD9C207E6B63003F375F /* PassValueToCustomClassUITests.xctest */;
			productType = "com.apple.product-type.bundle.ui-testing";
		};
/* End PBXNativeTarget section */

/* Begin PBXProject section */
		2651BD75207E6B56003F375F /* Project object */ = {
			isa = PBXProject;
			attributes = {
				LastSwiftUpdateCheck = 0820;
				LastUpgradeCheck = 0820;
				ORGANIZATIONNAME = "Darshan Dixit";
				TargetAttributes = {
					2651BD7C207E6B57003F375F = {
						CreatedOnToolsVersion = 8.2.1;
						ProvisioningStyle = Automatic;
					};
					2651BD90207E6B62003F375F = {
						CreatedOnToolsVersion = 8.2.1;
						ProvisioningStyle = Automatic;
						TestTargetID = 2651BD7C207E6B57003F375F;
					};
					2651BD9B207E6B63003F375F = {
						CreatedOnToolsVersion = 8.2.1;
						ProvisioningStyle = Automatic;
						TestTargetID = 2651BD7C207E6B57003F375F;
					};
				};
			};
			buildConfigurationList = 2651BD78207E6B56003F375F /* Build configuration list for PBXProject "PassValueToCustomClass" */;
			compatibilityVersion = "Xcode 3.2";
			developmentRegion = English;
			hasScannedForEncodings = 0;
			knownRegions = (
				en,
				Base,
			);
			mainGroup = 2651BD74207E6B56003F375F;
			productRefGroup = 2651BD7E207E6B5A003F375F /* Products */;
			projectDirPath = "";
			projectRoot = "";
			targets = (
				2651BD7C207E6B57003F375F /* PassValueToCustomClass */,
				2651BD90207E6B62003F375F /* PassValueToCustomClassTests */,
				2651BD9B207E6B63003F375F /* PassValueToCustomClassUITests */,
			);
		};
/* End PBXProject section */

/* Begin PBXResourcesBuildPhase section */
		2651BD7B207E6B57003F375F /* Resources */ = {
			isa = PBXResourcesBuildPhase;
			buildActionMask = 2147483647;
			files = (
				2651BD8B207E6B5D003F375F /* LaunchScreen.storyboard in Resources */,
				2651BD88207E6B5D003F375F /* Assets.xcassets in Resources */,
				2651BD86207E6B5C003F375F /* Main.storyboard in Resources */,
			);
			runOnlyForDeploymentPostprocessing = 0;
		};
		2651BD8F207E6B62003F375F /* Resources */ = {
			isa = PBXResourcesBuildPhase;
			buildActionMask = 2147483647;
			files = (
			);
			runOnlyForDeploymentPostprocessing = 0;
		};
		2651BD9A207E6B63003F375F /* Resources */ = {
			isa = PBXResourcesBuildPhase;
			buildActionMask = 2147483647;
			files = (
			);
			runOnlyForDeploymentPostprocessing = 0;
		};
/* End PBXResourcesBuildPhase section */

/* Begin PBXSourcesBuildPhase section */
		2651BD79207E6B57003F375F /* Sources */ = {
			isa = PBXSourcesBuildPhase;
			buildActionMask = 2147483647;
			files = (
				2651BDAF207E6D22003F375F /* CustomClass.swift in Sources */,
				2651BDB1207E72B0003F375F /* NewView.swift in Sources */,
				2651BD83207E6B5B003F375F /* ViewController.swift in Sources */,
				2651BD81207E6B5B003F375F /* AppDelegate.swift in Sources */,
			);
			runOnlyForDeploymentPostprocessing = 0;
		};
		2651BD8D207E6B62003F375F /* Sources */ = {
			isa = PBXSourcesBuildPhase;
			buildActionMask = 2147483647;
			files = (
				2651BD96207E6B63003F375F /* PassValueToCustomClassTests.swift in Sources */,
			);
			runOnlyForDeploymentPostprocessing = 0;
		};
		2651BD98207E6B63003F375F /* Sources */ = {
			isa = PBXSourcesBuildPhase;
			buildActionMask = 2147483647;
			files = (
				2651BDA1207E6B63003F375F /* PassValueToCustomClassUITests.swift in Sources */,
			);
			runOnlyForDeploymentPostprocessing = 0;
		};
/* End PBXSourcesBuildPhase section */

/* Begin PBXTargetDependency section */
		2651BD93207E6B63003F375F /* PBXTargetDependency */ = {
			isa = PBXTargetDependency;
			target = 2651BD7C207E6B57003F375F /* PassValueToCustomClass */;
			targetProxy = 2651BD92207E6B63003F375F /* PBXContainerItemProxy */;
		};
		2651BD9E207E6B63003F375F /* PBXTargetDependency */ = {
			isa = PBXTargetDependency;
			target = 2651BD7C207E6B57003F375F /* PassValueToCustomClass */;
			targetProxy = 2651BD9D207E6B63003F375F /* PBXContainerItemProxy */;
		};
/* End PBXTargetDependency section */

/* Begin PBXVariantGroup section */
		2651BD84207E6B5C003F375F /* Main.storyboard */ = {
			isa = PBXVariantGroup;
			children = (
				2651BD85207E6B5C003F375F /* Base */,
			);
			name = Main.storyboard;
			sourceTree = "<group>";
		};
		2651BD89207E6B5D003F375F /* LaunchScreen.storyboard */ = {
			isa = PBXVariantGroup;
			children = (
				2651BD8A207E6B5D003F375F /* Base */,
			);
			name = LaunchScreen.storyboard;
			sourceTree = "<group>";
		};
/* End PBXVariantGroup section */

/* Begin XCBuildConfiguration section */
		2651BDA3207E6B63003F375F /* Debug */ = {
			isa = XCBuildConfiguration;
			buildSettings = {
				ALWAYS_SEARCH_USER_PATHS = NO;
				CLANG_ANALYZER_NONNULL = YES;
				CLANG_CXX_LANGUAGE_STANDARD = "gnu++0x";
				CLANG_CXX_LIBRARY = "libc++";
				CLANG_ENABLE_MODULES = YES;
				CLANG_ENABLE_OBJC_ARC = YES;
				CLANG_WARN_BOOL_CONVERSION = YES;
				CLANG_WARN_CONSTANT_CONVERSION = YES;
				CLANG_WARN_DIRECT_OBJC_ISA_USAGE = YES_ERROR;
				CLANG_WARN_DOCUMENTATION_COMMENTS = YES;
				CLANG_WARN_EMPTY_BODY = YES;
				CLANG_WARN_ENUM_CONVERSION = YES;
				CLANG_WARN_INFINITE_RECURSION = YES;
				CLANG_WARN_INT_CONVERSION = YES;
				CLANG_WARN_OBJC_ROOT_CLASS = YES_ERROR;
				CLANG_WARN_SUSPICIOUS_MOVE = YES;
				CLANG_WARN_UNREACHABLE_CODE = YES;
				CLANG_WARN__DUPLICATE_METHOD_MATCH = YES;
				"CODE_SIGN_IDENTITY[sdk=iphoneos*]" = "iPhone Developer";
				COPY_PHASE_STRIP = NO;
				DEBUG_INFORMATION_FORMAT = dwarf;
				ENABLE_STRICT_OBJC_MSGSEND = YES;
				ENABLE_TESTABILITY = YES;
				GCC_C_LANGUAGE_STANDARD = gnu99;
				GCC_DYNAMIC_NO_PIC = NO;
				GCC_NO_COMMON_BLOCKS = YES;
				GCC_OPTIMIZATION_LEVEL = 0;
				GCC_PREPROCESSOR_DEFINITIONS = (
					"DEBUG=1",
					"$(inherited)",
				);
				GCC_WARN_64_TO_32_BIT_CONVERSION = YES;
				GCC_WARN_ABOUT_RETURN_TYPE = YES_ERROR;
				GCC_WARN_UNDECLARED_SELECTOR = YES;
				GCC_WARN_UNINITIALIZED_AUTOS = YES_AGGRESSIVE;
				GCC_WARN_UNUSED_FUNCTION = YES;
				GCC_WARN_UNUSED_VARIABLE = YES;
				IPHONEOS_DEPLOYMENT_TARGET = 10.2;
				MTL_ENABLE_DEBUG_INFO = YES;
				ONLY_ACTIVE_ARCH = YES;
				SDKROOT = iphoneos;
				SWIFT_ACTIVE_COMPILATION_CONDITIONS = DEBUG;
				SWIFT_OPTIMIZATION_LEVEL = "-Onone";
				TARGETED_DEVICE_FAMILY = "1,2";
			};
			name = Debug;
		};
		2651BDA4207E6B63003F375F /* Release */ = {
			isa = XCBuildConfiguration;
			buildSettings = {
				ALWAYS_SEARCH_USER_PATHS = NO;
				CLANG_ANALYZER_NONNULL = YES;
				CLANG_CXX_LANGUAGE_STANDARD = "gnu++0x";
				CLANG_CXX_LIBRARY = "libc++";
				CLANG_ENABLE_MODULES = YES;
				CLANG_ENABLE_OBJC_ARC = YES;
				CLANG_WARN_BOOL_CONVERSION = YES;
				CLANG_WARN_CONSTANT_CONVERSION = YES;
				CLANG_WARN_DIRECT_OBJC_ISA_USAGE = YES_ERROR;
				CLANG_WARN_DOCUMENTATION_COMMENTS = YES;
				CLANG_WARN_EMPTY_BODY = YES;
				CLANG_WARN_ENUM_CONVERSION = YES;
				CLANG_WARN_INFINITE_RECURSION = YES;
				CLANG_WARN_INT_CONVERSION = YES;
				CLANG_WARN_OBJC_ROOT_CLASS = YES_ERROR;
				CLANG_WARN_SUSPICIOUS_MOVE = YES;
				CLANG_WARN_UNREACHABLE_CODE = YES;
				CLANG_WARN__DUPLICATE_METHOD_MATCH = YES;
				"CODE_SIGN_IDENTITY[sdk=iphoneos*]" = "iPhone Developer";
				COPY_PHASE_STRIP = NO;
				DEBUG_INFORMATION_FORMAT = "dwarf-with-dsym";
				ENABLE_NS_ASSERTIONS = NO;
				ENABLE_STRICT_OBJC_MSGSEND = YES;
				GCC_C_LANGUAGE_STANDARD = gnu99;
				GCC_NO_COMMON_BLOCKS = YES;
				GCC_WARN_64_TO_32_BIT_CONVERSION = YES;
				GCC_WARN_ABOUT_RETURN_TYPE = YES_ERROR;
				GCC_WARN_UNDECLARED_SELECTOR = YES;
				GCC_WARN_UNINITIALIZED_AUTOS = YES_AGGRESSIVE;
				GCC_WARN_UNUSED_FUNCTION = YES;
				GCC_WARN_UNUSED_VARIABLE = YES;
				IPHONEOS_DEPLOYMENT_TARGET = 10.2;
				MTL_ENABLE_DEBUG_INFO = NO;
				SDKROOT = iphoneos;
				SWIFT_OPTIMIZATION_LEVEL = "-Owholemodule";
				TARGETED_DEVICE_FAMILY = "1,2";
				VALIDATE_PRODUCT = YES;
			};
			name = Release;
		};
		2651BDA6207E6B63003F375F /* Debug */ = {
			isa = XCBuildConfiguration;
			buildSettings = {
				ASSETCATALOG_COMPILER_APPICON_NAME = AppIcon;
				INFOPLIST_FILE = PassValueToCustomClass/Info.plist;
				LD_RUNPATH_SEARCH_PATHS = "$(inherited) @executable_path/Frameworks";
				PRODUCT_BUNDLE_IDENTIFIER = DixitInfoTexh.PassValueToCustomClass;
				PRODUCT_NAME = "$(TARGET_NAME)";
				SWIFT_VERSION = 3.0;
			};
			name = Debug;
		};
		2651BDA7207E6B63003F375F /* Release */ = {
			isa = XCBuildConfiguration;
			buildSettings = {
				ASSETCATALOG_COMPILER_APPICON_NAME = AppIcon;
				INFOPLIST_FILE = PassValueToCustomClass/Info.plist;
				LD_RUNPATH_SEARCH_PATHS = "$(inherited) @executable_path/Frameworks";
				PRODUCT_BUNDLE_IDENTIFIER = DixitInfoTexh.PassValueToCustomClass;
				PRODUCT_NAME = "$(TARGET_NAME)";
				SWIFT_VERSION = 3.0;
			};
			name = Release;
		};
		2651BDA9207E6B63003F375F /* Debug */ = {
			isa = XCBuildConfiguration;
			buildSettings = {
				ALWAYS_EMBED_SWIFT_STANDARD_LIBRARIES = YES;
				BUNDLE_LOADER = "$(TEST_HOST)";
				INFOPLIST_FILE = PassValueToCustomClassTests/Info.plist;
				LD_RUNPATH_SEARCH_PATHS = "$(inherited) @executable_path/Frameworks @loader_path/Frameworks";
				PRODUCT_BUNDLE_IDENTIFIER = DixitInfoTexh.PassValueToCustomClassTests;
				PRODUCT_NAME = "$(TARGET_NAME)";
				SWIFT_VERSION = 3.0;
				TEST_HOST = "$(BUILT_PRODUCTS_DIR)/PassValueToCustomClass.app/PassValueToCustomClass";
			};
			name = Debug;
		};
		2651BDAA207E6B63003F375F /* Release */ = {
			isa = XCBuildConfiguration;
			buildSettings = {
				ALWAYS_EMBED_SWIFT_STANDARD_LIBRARIES = YES;
				BUNDLE_LOADER = "$(TEST_HOST)";
				INFOPLIST_FILE = PassValueToCustomClassTests/Info.plist;
				LD_RUNPATH_SEARCH_PATHS = "$(inherited) @executable_path/Frameworks @loader_path/Frameworks";
				PRODUCT_BUNDLE_IDENTIFIER = DixitInfoTexh.PassValueToCustomClassTests;
				PRODUCT_NAME = "$(TARGET_NAME)";
				SWIFT_VERSION = 3.0;
				TEST_HOST = "$(BUILT_PRODUCTS_DIR)/PassValueToCustomClass.app/PassValueToCustomClass";
			};
			name = Release;
		};
		2651BDAC207E6B63003F375F /* Debug */ = {
			isa = XCBuildConfiguration;
			buildSettings = {
				ALWAYS_EMBED_SWIFT_STANDARD_LIBRARIES = YES;
				INFOPLIST_FILE = PassValueToCustomClassUITests/Info.plist;
				LD_RUNPATH_SEARCH_PATHS = "$(inherited) @executable_path/Frameworks @loader_path/Frameworks";
				PRODUCT_BUNDLE_IDENTIFIER = DixitInfoTexh.PassValueToCustomClassUITests;
				PRODUCT_NAME = "$(TARGET_NAME)";
				SWIFT_VERSION = 3.0;
				TEST_TARGET_NAME = PassValueToCustomClass;
			};
			name = Debug;
		};
		2651BDAD207E6B63003F375F /* Release */ = {
			isa = XCBuildConfiguration;
			buildSettings = {
				ALWAYS_EMBED_SWIFT_STANDARD_LIBRARIES = YES;
				INFOPLIST_FILE = PassValueToCustomClassUITests/Info.plist;
				LD_RUNPATH_SEARCH_PATHS = "$(inherited) @executable_path/Frameworks @loader_path/Frameworks";
				PRODUCT_BUNDLE_IDENTIFIER = DixitInfoTexh.PassValueToCustomClassUITests;
				PRODUCT_NAME = "$(TARGET_NAME)";
				SWIFT_VERSION = 3.0;
				TEST_TARGET_NAME = PassValueToCustomClass;
			};
			name = Release;
		};
/* End XCBuildConfiguration section */

/* Begin XCConfigurationList section */
		2651BD78207E6B56003F375F /* Build configuration list for PBXProject "PassValueToCustomClass" */ = {
			isa = XCConfigurationList;
			buildConfigurations = (
				2651BDA3207E6B63003F375F /* Debug */,
				2651BDA4207E6B63003F375F /* Release */,
			);
			defaultConfigurationIsVisible = 0;
			defaultConfigurationName = Release;
		};
		2651BDA5207E6B63003F375F /* Build configuration list for PBXNativeTarget "PassValueToCustomClass" */ = {
			isa = XCConfigurationList;
			buildConfigurations = (
				2651BDA6207E6B63003F375F /* Debug */,
				2651BDA7207E6B63003F375F /* Release */,
			);
			defaultConfigurationIsVisible = 0;
		};
		2651BDA8207E6B63003F375F /* Build configuration list for PBXNativeTarget "PassValueToCustomClassTests" */ = {
			isa = XCConfigurationList;
			buildConfigurations = (
				2651BDA9207E6B63003F375F /* Debug */,
				2651BDAA207E6B63003F375F /* Release */,
			);
			defaultConfigurationIsVisible = 0;
		};
		2651BDAB207E6B63003F375F /* Build configuration list for PBXNativeTarget "PassValueToCustomClassUITests" */ = {
			isa = XCConfigurationList;
			buildConfigurations = (
				2651BDAC207E6B63003F375F /* Debug */,
				2651BDAD207E6B63003F375F /* Release */,
			);
			defaultConfigurationIsVisible = 0;
		};
/* End XCConfigurationList section */
	};
	rootObject = 2651BD75207E6B56003F375F /* Project object */;
}
